
Microsoft Visual Studio Solution File, Format Version 12.00
# Visual Studio Version 16
VisualStudioVersion = 25.0.1703.3
MinimumVisualStudioVersion = 10.0.40219.1
Project("{FAE04EC0-301F-11D3-BF4B-00C04F79EFBC}") = "IterationStatements", "IterationStatements\IterationStatements.csproj", "{F268A8BF-3BA3-4FD5-A2E5-710248163E48}"
EndProject
Global
	GlobalSection(SolutionConfigurationPlatforms) = preSolution
		Debug|Any CPU = Debug|Any CPU
		Release|Any CPU = Release|Any CPU
	EndGlobalSection
	GlobalSection(ProjectConfigurationPlatforms) = postSolution
		{F268A8BF-3BA3-4FD5-A2E5-710248163E48}.Debug|Any CPU.ActiveCfg = Debug|Any CPU
		{F268A8BF-3BA3-4FD5-A2E5-710248163E48}.Debug|Any CPU.Build.0 = Debug|Any CPU
		{F268A8BF-3BA3-4FD5-A2E5-710248163E48}.Release|Any CPU.ActiveCfg = Release|Any CPU
		{F268A8BF-3BA3-4FD5-A2E5-710248163E48}.Release|Any CPU.Build.0 = Release|Any CPU
	EndGlobalSection
	GlobalSection(SolutionProperties) = preSolution
		HideSolutionNode = FALSE
	EndGlobalSection
	GlobalSection(ExtensibilityGlobals) = postSolution
		SolutionGuid = {646D7E80-CA41-4A40-9CA1-ABD9FE7D02D2}
	EndGlobalSection
EndGlobal
